# generated by rye
# use `rye lock` or `rye sync` to update this lockfile
#
# last locked with the following flags:
#   pre: false
#   features: []
#   all-features: false
#   with-sources: false
#   generate-hashes: false
#   universal: false

-e file:.
annotated-types==0.7.0
    # via pydantic
beautifulsoup4==4.13.3
    # via siksha-crawler
certifi==2025.1.31
    # via requests
cfgv==3.4.0
    # via pre-commit
charset-normalizer==3.4.1
    # via requests
distlib==0.3.9
    # via virtualenv
filelock==3.18.0
    # via virtualenv
identify==2.6.9
    # via pre-commit
idna==3.10
    # via requests
ijson==3.3.0
iniconfig==2.1.0
    # via pytest
joblib==1.5.0
    # via scikit-learn
    # via siksha-crawler
mysql-connector-python==9.2.0
    # via siksha-crawler
nodeenv==1.9.1
    # via pre-commit
numpy==2.2.4
    # via pandas
    # via scikit-learn
    # via scipy
packaging==24.2
    # via pytest
pandas==2.2.3
    # via siksha-crawler
platformdirs==4.3.7
    # via virtualenv
pluggy==1.5.0
    # via pytest
pre-commit==4.2.0
pydantic==2.10.6
    # via siksha-crawler
pydantic-core==2.27.2
    # via pydantic
pytest==8.3.5
python-dateutil==2.9.0.post0
    # via pandas
pytz==2025.1
    # via pandas
pyyaml==6.0.2
    # via pre-commit
rapidfuzz==3.13.0
    # via siksha-crawler
requests==2.32.3
    # via siksha-crawler
ruff==0.11.2
scikit-learn==1.6.1
    # via siksha-crawler
scipy==1.15.2
    # via scikit-learn
six==1.17.0
    # via python-dateutil
soupsieve==2.6
    # via beautifulsoup4
threadpoolctl==3.6.0
    # via scikit-learn
typing-extensions==4.12.2
    # via beautifulsoup4
    # via pydantic
    # via pydantic-core
tzdata==2025.1
    # via pandas
urllib3==2.3.0
    # via requests
virtualenv==20.29.3
    # via pre-commit
