# generated by rye
# use `rye lock` or `rye sync` to update this lockfile
#
# last locked with the following flags:
#   pre: false
#   features: []
#   all-features: false
#   with-sources: false
#   generate-hashes: false
#   universal: false

-e file:.
annotated-types==0.7.0
    # via pydantic
beautifulsoup4==4.13.3
    # via siksha-crawler
certifi==2025.1.31
    # via requests
charset-normalizer==3.4.1
    # via requests
idna==3.10
    # via requests
joblib==1.5.0
    # via scikit-learn
    # via siksha-crawler
mysql-connector-python==9.2.0
    # via siksha-crawler
numpy==2.2.4
    # via pandas
    # via scikit-learn
    # via scipy
pandas==2.2.3
    # via siksha-crawler
pydantic==2.10.6
    # via siksha-crawler
pydantic-core==2.27.2
    # via pydantic
python-dateutil==2.9.0.post0
    # via pandas
pytz==2025.1
    # via pandas
rapidfuzz==3.13.0
    # via siksha-crawler
requests==2.32.3
    # via siksha-crawler
scikit-learn==1.6.1
    # via siksha-crawler
scipy==1.15.2
    # via scikit-learn
six==1.17.0
    # via python-dateutil
soupsieve==2.6
    # via beautifulsoup4
threadpoolctl==3.6.0
    # via scikit-learn
typing-extensions==4.12.2
    # via beautifulsoup4
    # via pydantic
    # via pydantic-core
tzdata==2025.1
    # via pandas
urllib3==2.3.0
    # via requests
