# generated by rye
# use `rye lock` or `rye sync` to update this lockfile
#
# last locked with the following flags:
#   pre: false
#   features: []
#   all-features: false
#   with-sources: false
#   generate-hashes: false
#   universal: false

-e file:.
annotated-types==0.7.0
    # via pydantic
anyio==4.9.0
    # via starlette
    # via watchfiles
bcrypt==4.3.0
    # via siksha-admin
click==8.1.8
    # via uvicorn
fastapi==0.115.11
    # via siksha-admin
h11==0.14.0
    # via uvicorn
httptools==0.6.4
    # via uvicorn
idna==3.10
    # via anyio
jinja2==3.1.6
    # via sqladmin
markupsafe==3.0.2
    # via jinja2
    # via wtforms
pydantic==2.10.6
    # via fastapi
pydantic-core==2.27.2
    # via pydantic
pyjwt==2.10.1
    # via siksha-admin
python-dotenv==1.0.1
    # via uvicorn
python-multipart==0.0.20
    # via siksha-admin
    # via sqladmin
pyyaml==6.0.2
    # via uvicorn
sniffio==1.3.1
    # via anyio
sqladmin==0.20.1
    # via siksha-admin
sqlalchemy==2.0.40
    # via siksha-admin
    # via sqladmin
starlette==0.46.1
    # via fastapi
    # via sqladmin
typing-extensions==4.12.2
    # via anyio
    # via fastapi
    # via pydantic
    # via pydantic-core
    # via sqlalchemy
uvicorn==0.34.0
    # via siksha-admin
uvloop==0.21.0
    # via uvicorn
watchfiles==1.0.4
    # via uvicorn
websockets==15.0.1
    # via uvicorn
wtforms==3.1.2
    # via sqladmin
